dependencies:
  kafka-node: 5.0.0
  websocket: 1.0.34
lockfileVersion: 5.2
packages:
  /ansi-regex/2.1.1:
    dev: false
    engines:
      node: '>=0.10.0'
    optional: true
    resolution:
      integrity: sha1-w7M6te42DYbg5ijwRorn7yfWVN8=
  /aproba/1.2.0:
    dev: false
    optional: true
    resolution:
      integrity: sha512-Y9J6ZjXtoYh8RnXVCMOU/ttDmk1aBjunq9vO0ta5x85WDQiQfUF9sIPBITdbiiIVcBo03Hi3jMxigBtsddlXRw==
  /are-we-there-yet/1.1.5:
    dependencies:
      delegates: 1.0.0
      readable-stream: 2.3.7
    dev: false
    optional: true
    resolution:
      integrity: sha512-5hYdAkZlcG8tOLujVDTgCT+uPX0VnpAH28gWsLfzpXYm7wP6mp5Q/gYyR7YQ0cKVJcXJnl3j2kpBan13PtQf6w==
  /async/2.6.3:
    dependencies:
      lodash: 4.17.21
    dev: false
    resolution:
      integrity: sha512-zflvls11DCy+dQWzTW2dzuilv8Z5X/pjfmZOWba6TNIVDm+2UDaJmXSOXlasHKfNBs8oo3M0aT50fDEWfKZjXg==
  /balanced-match/1.0.2:
    dev: false
    resolution:
      integrity: sha512-3oSeUO0TMV67hN1AmbXsK4yaqU7tjiHlbxRDZOpH0KW9+CeX4bRAaX0Anxt0tx2MrpRpWwQaPwIlISEJhYU5Pw==
  /binary/0.3.0:
    dependencies:
      buffers: 0.1.1
      chainsaw: 0.1.0
    dev: false
    resolution:
      integrity: sha1-n2BVO8XOjDOG87VTz/R0Yq3sqnk=
  /bindings/1.5.0:
    dependencies:
      file-uri-to-path: 1.0.0
    dev: false
    optional: true
    resolution:
      integrity: sha512-p2q/t/mhvuOj/UeLlV6566GD/guowlr0hHxClI0W9m7MWYkL1F0hLo+0Aexs9HSPCtR1SXQ0TD3MMKrXZajbiQ==
  /bl/1.2.3:
    dependencies:
      readable-stream: 2.3.7
      safe-buffer: 5.2.1
    dev: false
    optional: true
    resolution:
      integrity: sha512-pvcNpa0UU69UT341rO6AYy4FVAIkUHuZXRIWbq+zHnsVcRzDDjIAhGuuYoi0d//cwIwtt4pkpKycWEfjdV+vww==
  /bl/2.2.1:
    dependencies:
      readable-stream: 2.3.7
      safe-buffer: 5.2.1
    dev: false
    resolution:
      integrity: sha512-6Pesp1w0DEX1N550i/uGV/TqucVL4AM/pgThFSN/Qq9si1/DF9aIHs1BxD8V/QU0HoeHO6cQRTAuYnLPKq1e4g==
  /brace-expansion/1.1.11:
    dependencies:
      balanced-match: 1.0.2
      concat-map: 0.0.1
    dev: false
    resolution:
      integrity: sha512-iCuPHDFgrHX7H2vEI/5xpz07zSHB00TpugqhmYtVmMO6518mCuRMoOYFldEBl0g187ufozdaHgWKcYFb61qGiA==
  /buffer-alloc-unsafe/1.1.0:
    dev: false
    optional: true
    resolution:
      integrity: sha512-TEM2iMIEQdJ2yjPJoSIsldnleVaAk1oW3DBVUykyOLsEsFmEc9kn+SFFPz+gl54KQNxlDnAwCXosOS9Okx2xAg==
  /buffer-alloc/1.2.0:
    dependencies:
      buffer-alloc-unsafe: 1.1.0
      buffer-fill: 1.0.0
    dev: false
    optional: true
    resolution:
      integrity: sha512-CFsHQgjtW1UChdXgbyJGtnm+O/uLQeZdtbDo8mfUgYXCHSM1wgrVxXm6bSyrUuErEb+4sYVGCzASBRot7zyrow==
  /buffer-crc32/0.2.13:
    dev: false
    resolution:
      integrity: sha1-DTM+PwDqxQqhRUq9MO+MKl2ackI=
  /buffer-fill/1.0.0:
    dev: false
    optional: true
    resolution:
      integrity: sha1-+PeLdniYiO858gXNY39o5wISKyw=
  /buffermaker/1.2.1:
    dependencies:
      long: 1.1.2
    dev: false
    resolution:
      integrity: sha512-IdnyU2jDHU65U63JuVQNTHiWjPRH0CS3aYd/WPaEwyX84rFdukhOduAVb1jwUScmb5X0JWPw8NZOrhoLMiyAHQ==
  /buffers/0.1.1:
    dev: false
    engines:
      node: '>=0.2.0'
    resolution:
      integrity: sha1-skV5w77U1tOWru5tmorn9Ugqt7s=
  /bufferutil/4.0.3:
    dependencies:
      node-gyp-build: 4.2.3
    dev: false
    requiresBuild: true
    resolution:
      integrity: sha512-yEYTwGndELGvfXsImMBLop58eaGW+YdONi1fNjTINSY98tmMmFijBG6WXgdkfuLNt4imzQNtIE+eBp1PVpMCSw==
  /chainsaw/0.1.0:
    dependencies:
      traverse: 0.3.9
    dev: false
    resolution:
      integrity: sha1-XqtQsor+WAdNDVgpE4iCi15fvJg=
  /chownr/1.1.4:
    dev: false
    optional: true
    resolution:
      integrity: sha512-jJ0bqzaylmJtVnNgzTeSOs8DPavpbYgEr/b0YL8/2GO3xJEhInFmhKMUnEJQjZumK7KXGFhUy89PrsJWlakBVg==
  /code-point-at/1.1.0:
    dev: false
    engines:
      node: '>=0.10.0'
    optional: true
    resolution:
      integrity: sha1-DQcLTQQ6W+ozovGkDi7bPZpMz3c=
  /concat-map/0.0.1:
    dev: false
    resolution:
      integrity: sha1-2Klr13/Wjfd5OnMDajug1UBdR3s=
  /console-control-strings/1.1.0:
    dev: false
    optional: true
    resolution:
      integrity: sha1-PXz0Rk22RG6mRL9LOVB/mFEAjo4=
  /core-util-is/1.0.2:
    dev: false
    resolution:
      integrity: sha1-tf1UIgqivFq1eqtxQMlAdUUDwac=
  /d/1.0.1:
    dependencies:
      es5-ext: 0.10.53
      type: 1.2.0
    dev: false
    resolution:
      integrity: sha512-m62ShEObQ39CfralilEQRjH6oAMtNCV1xJyEx5LpRYUVN+EviphDgUc/F3hnYbADmkiNs67Y+3ylmlG7Lnu+FA==
  /debug/2.6.9:
    dependencies:
      ms: 2.0.0
    dev: false
    resolution:
      integrity: sha512-bC7ElrdJaJnPbAP+1EotYvqZsb3ecl5wi6Bfi6BJTUcNowp6cvspg0jXznRTKDjm/E7AdgFBVeAPVMNcKGsHMA==
  /decompress-response/3.3.0:
    dependencies:
      mimic-response: 1.0.1
    dev: false
    engines:
      node: '>=4'
    optional: true
    resolution:
      integrity: sha1-gKTdMjdIOEv6JICDYirt7Jgq3/M=
  /deep-extend/0.6.0:
    dev: false
    engines:
      node: '>=4.0.0'
    optional: true
    resolution:
      integrity: sha512-LOHxIOaPYdHlJRtCQfDIVZtfw/ufM8+rVj649RIHzcm/vGwQRXFt6OPqIFWsm2XEMrNIEtWR64sY1LEKD2vAOA==
  /delegates/1.0.0:
    dev: false
    optional: true
    resolution:
      integrity: sha1-hMbhWbgZBP3KWaDvRM2HDTElD5o=
  /denque/1.5.0:
    dev: false
    engines:
      node: '>=0.10'
    resolution:
      integrity: sha512-CYiCSgIF1p6EUByQPlGkKnP1M9g0ZV3qMIrqMqZqdwazygIA/YP2vrbcyl1h/WppKJTdl1F85cXIle+394iDAQ==
  /detect-libc/1.0.3:
    dev: false
    engines:
      node: '>=0.10'
    hasBin: true
    optional: true
    resolution:
      integrity: sha1-+hN8S9aY7fVc1c0CrFWfkaTEups=
  /end-of-stream/1.4.4:
    dependencies:
      once: 1.4.0
    dev: false
    optional: true
    resolution:
      integrity: sha512-+uw1inIHVPQoaVuHzRyXd21icM+cnt4CzD5rW+NC1wjOUSTOs+Te7FOv7AhN7vS9x/oIyhLP5PR1H+phQAHu5Q==
  /es5-ext/0.10.53:
    dependencies:
      es6-iterator: 2.0.3
      es6-symbol: 3.1.3
      next-tick: 1.0.0
    dev: false
    resolution:
      integrity: sha512-Xs2Stw6NiNHWypzRTY1MtaG/uJlwCk8kH81920ma8mvN8Xq1gsfhZvpkImLQArw8AHnv8MT2I45J3c0R8slE+Q==
  /es6-iterator/2.0.3:
    dependencies:
      d: 1.0.1
      es5-ext: 0.10.53
      es6-symbol: 3.1.3
    dev: false
    resolution:
      integrity: sha1-p96IkUGgWpSwhUQDstCg+/qY87c=
  /es6-symbol/3.1.3:
    dependencies:
      d: 1.0.1
      ext: 1.4.0
    dev: false
    resolution:
      integrity: sha512-NJ6Yn3FuDinBaBRWl/q5X/s4koRHBrgKAu+yGI6JCBeiu3qrcbJhwT2GeR/EXVfylRk8dpQVJoLEFhK+Mu31NA==
  /expand-template/2.0.3:
    dev: false
    engines:
      node: '>=6'
    optional: true
    resolution:
      integrity: sha512-XYfuKMvj4O35f/pOXLObndIRvyQ+/+6AhODh+OKWj9S9498pHHn/IMszH+gt0fBCRWMNfk1ZSp5x3AifmnI2vg==
  /ext/1.4.0:
    dependencies:
      type: 2.5.0
    dev: false
    resolution:
      integrity: sha512-Key5NIsUxdqKg3vIsdw9dSuXpPCQ297y6wBjL30edxwPgt2E44WcWBZey/ZvUc6sERLTxKdyCu4gZFmUbk1Q7A==
  /file-uri-to-path/1.0.0:
    dev: false
    optional: true
    resolution:
      integrity: sha512-0Zt+s3L7Vf1biwWZ29aARiVYLx7iMGnEUl9x33fbB/j3jR81u/O2LbqK+Bm1CDSNDKVtJ/YjwY7TUd5SkeLQLw==
  /fs-constants/1.0.0:
    dev: false
    optional: true
    resolution:
      integrity: sha512-y6OAwoSIf7FyjMIv94u+b5rdheZEjzR63GTyZJm5qh4Bi+2YgwLCcI/fPFZkL5PSixOt6ZNKm+w+Hfp/Bciwow==
  /gauge/2.7.4:
    dependencies:
      aproba: 1.2.0
      console-control-strings: 1.1.0
      has-unicode: 2.0.1
      object-assign: 4.1.1
      signal-exit: 3.0.3
      string-width: 1.0.2
      strip-ansi: 3.0.1
      wide-align: 1.1.3
    dev: false
    optional: true
    resolution:
      integrity: sha1-LANAXHU4w51+s3sxcCLjJfsBi/c=
  /github-from-package/0.0.0:
    dev: false
    optional: true
    resolution:
      integrity: sha1-l/tdlr/eiXMxPyDoKI75oWf6ZM4=
  /has-unicode/2.0.1:
    dev: false
    optional: true
    resolution:
      integrity: sha1-4Ob+aijPUROIVeCG0Wkedx3iqLk=
  /inherits/2.0.4:
    dev: false
    resolution:
      integrity: sha512-k/vGaX4/Yla3WzyMCvTQOXYeIHvqOKtnqBduzTHpzpQZzAskKMhZ2K+EnBiSM9zGSoIFeMpXKxa4dYeZIQqewQ==
  /ini/1.3.8:
    dev: false
    optional: true
    resolution:
      integrity: sha512-JV/yugV2uzW5iMRSiZAyDtQd+nxtUnjeLt0acNdw98kKLrvuRVyB80tsREOE7yvGVgalhZ6RNXCmEHkUKBKxew==
  /is-fullwidth-code-point/1.0.0:
    dependencies:
      number-is-nan: 1.0.1
    dev: false
    engines:
      node: '>=0.10.0'
    optional: true
    resolution:
      integrity: sha1-754xOG8DGn8NZDr4L95QxFfvAMs=
  /is-typedarray/1.0.0:
    dev: false
    resolution:
      integrity: sha1-5HnICFjfDBsR3dppQPlgEfzaSpo=
  /isarray/1.0.0:
    dev: false
    resolution:
      integrity: sha1-u5NdSFgsuhaMBoNJV6VKPgcSTxE=
  /kafka-node/5.0.0:
    dependencies:
      async: 2.6.3
      binary: 0.3.0
      bl: 2.2.1
      buffer-crc32: 0.2.13
      buffermaker: 1.2.1
      debug: 2.6.9
      denque: 1.5.0
      lodash: 4.17.21
      minimatch: 3.0.4
      nested-error-stacks: 2.1.0
      optional: 0.1.4
      retry: 0.10.1
      uuid: 3.4.0
    dev: false
    engines:
      node: '>=8.5.1'
    optionalDependencies:
      snappy: 6.3.5
    resolution:
      integrity: sha512-dD2ga5gLcQhsq1yNoQdy1MU4x4z7YnXM5bcG9SdQuiNr5KKuAmXixH1Mggwdah5o7EfholFbcNDPSVA6BIfaug==
  /lodash/4.17.21:
    dev: false
    resolution:
      integrity: sha512-v2kDEe57lecTulaDIuNTPy3Ry4gLGJ6Z1O3vE1krgXZNrsQ+LFTGHVxVjcXPs17LhbZVGedAJv8XZ1tvj5FvSg==
  /long/1.1.2:
    dev: false
    engines:
      node: '>=0.6'
    resolution:
      integrity: sha1-6u9ZUcp1UdlpJrgtokLbnWso+1M=
  /mimic-response/1.0.1:
    dev: false
    engines:
      node: '>=4'
    optional: true
    resolution:
      integrity: sha512-j5EctnkH7amfV/q5Hgmoal1g2QHFJRraOtmx0JpIqkxhBhI/lJSl1nMpQ45hVarwNETOoWEimndZ4QK0RHxuxQ==
  /minimatch/3.0.4:
    dependencies:
      brace-expansion: 1.1.11
    dev: false
    resolution:
      integrity: sha512-yJHVQEhyqPLUTgt9B83PXu6W3rx4MvvHvSUvToogpwoGDOUQ+yDrR0HRot+yOCdCO7u4hX3pWft6kWBBcqh0UA==
  /minimist/1.2.5:
    dev: false
    optional: true
    resolution:
      integrity: sha512-FM9nNUYrRBAELZQT3xeZQ7fmMOBg6nWNmJKTcgsJeaLstP/UODVpGsr5OhXhhXg6f+qtJ8uiZ+PUxkDWcgIXLw==
  /mkdirp/0.5.5:
    dependencies:
      minimist: 1.2.5
    dev: false
    hasBin: true
    optional: true
    resolution:
      integrity: sha512-NKmAlESf6jMGym1++R0Ra7wvhV+wFW63FaSOFPwRahvea0gMUcGUhVeAg/0BC0wiv9ih5NYPB1Wn1UEI1/L+xQ==
  /ms/2.0.0:
    dev: false
    resolution:
      integrity: sha1-VgiurfwAvmwpAd9fmGF4jeDVl8g=
  /nan/2.14.2:
    dev: false
    optional: true
    resolution:
      integrity: sha512-M2ufzIiINKCuDfBSAUr1vWQ+vuVcA9kqx8JJUsbQi6yf1uGRyb7HfpdfUr5qLXf3B/t8dPvcjhKMmlfnP47EzQ==
  /napi-build-utils/1.0.2:
    dev: false
    optional: true
    resolution:
      integrity: sha512-ONmRUqK7zj7DWX0D9ADe03wbwOBZxNAfF20PlGfCWQcD3+/MakShIHrMqx9YwPTfxDdF1zLeL+RGZiR9kGMLdg==
  /nested-error-stacks/2.1.0:
    dev: false
    resolution:
      integrity: sha512-AO81vsIO1k1sM4Zrd6Hu7regmJN1NSiAja10gc4bX3F0wd+9rQmcuHQaHVQCYIEC8iFXnE+mavh23GOt7wBgug==
  /next-tick/1.0.0:
    dev: false
    resolution:
      integrity: sha1-yobR/ogoFpsBICCOPchCS524NCw=
  /node-abi/2.21.0:
    dependencies:
      semver: 5.7.1
    dev: false
    optional: true
    resolution:
      integrity: sha512-smhrivuPqEM3H5LmnY3KU6HfYv0u4QklgAxfFyRNujKUzbUcYZ+Jc2EhukB9SRcD2VpqhxM7n/MIcp1Ua1/JMg==
  /node-gyp-build/4.2.3:
    dev: false
    hasBin: true
    resolution:
      integrity: sha512-MN6ZpzmfNCRM+3t57PTJHgHyw/h4OWnZ6mR8P5j/uZtqQr46RRuDE/P+g3n0YR/AiYXeWixZZzaip77gdICfRg==
  /noop-logger/0.1.1:
    dev: false
    optional: true
    resolution:
      integrity: sha1-lKKxYzxPExdVMAfYlm/Q6EG2pMI=
  /npmlog/4.1.2:
    dependencies:
      are-we-there-yet: 1.1.5
      console-control-strings: 1.1.0
      gauge: 2.7.4
      set-blocking: 2.0.0
    dev: false
    optional: true
    resolution:
      integrity: sha512-2uUqazuKlTaSI/dC8AzicUck7+IrEaOnN/e0jd3Xtt1KcGpwx30v50mL7oPyr/h9bL3E4aZccVwpwP+5W9Vjkg==
  /number-is-nan/1.0.1:
    dev: false
    engines:
      node: '>=0.10.0'
    optional: true
    resolution:
      integrity: sha1-CXtgK1NCKlIsGvuHkDGDNpQaAR0=
  /object-assign/4.1.1:
    dev: false
    engines:
      node: '>=0.10.0'
    optional: true
    resolution:
      integrity: sha1-IQmtx5ZYh8/AXLvUQsrIv7s2CGM=
  /once/1.4.0:
    dependencies:
      wrappy: 1.0.2
    dev: false
    optional: true
    resolution:
      integrity: sha1-WDsap3WWHUsROsF9nFC6753Xa9E=
  /optional/0.1.4:
    dev: false
    resolution:
      integrity: sha512-gtvrrCfkE08wKcgXaVwQVgwEQ8vel2dc5DDBn9RLQZ3YtmtkBss6A2HY6BnJH4N/4Ku97Ri/SF8sNWE2225WJw==
  /os-homedir/1.0.2:
    dev: false
    engines:
      node: '>=0.10.0'
    optional: true
    resolution:
      integrity: sha1-/7xJiDNuDoM94MFox+8VISGqf7M=
  /prebuild-install/5.3.0:
    dependencies:
      detect-libc: 1.0.3
      expand-template: 2.0.3
      github-from-package: 0.0.0
      minimist: 1.2.5
      mkdirp: 0.5.5
      napi-build-utils: 1.0.2
      node-abi: 2.21.0
      noop-logger: 0.1.1
      npmlog: 4.1.2
      os-homedir: 1.0.2
      pump: 2.0.1
      rc: 1.2.8
      simple-get: 2.8.1
      tar-fs: 1.16.3
      tunnel-agent: 0.6.0
      which-pm-runs: 1.0.0
    dev: false
    engines:
      node: '>=6'
    hasBin: true
    optional: true
    resolution:
      integrity: sha512-aaLVANlj4HgZweKttFNUVNRxDukytuIuxeK2boIMHjagNJCiVKWFsKF4tCE3ql3GbrD2tExPQ7/pwtEJcHNZeg==
  /process-nextick-args/2.0.1:
    dev: false
    resolution:
      integrity: sha512-3ouUOpQhtgrbOa17J7+uxOTpITYWaGP7/AhoR3+A+/1e9skrzelGi/dXzEYyvbxubEF6Wn2ypscTKiKJFFn1ag==
  /pump/1.0.3:
    dependencies:
      end-of-stream: 1.4.4
      once: 1.4.0
    dev: false
    optional: true
    resolution:
      integrity: sha512-8k0JupWme55+9tCVE+FS5ULT3K6AbgqrGa58lTT49RpyfwwcGedHqaC5LlQNdEAumn/wFsu6aPwkuPMioy8kqw==
  /pump/2.0.1:
    dependencies:
      end-of-stream: 1.4.4
      once: 1.4.0
    dev: false
    optional: true
    resolution:
      integrity: sha512-ruPMNRkN3MHP1cWJc9OWr+T/xDP0jhXYCLfJcBuX54hhfIBnaQmAUMfDcG4DM5UMWByBbJY69QSphm3jtDKIkA==
  /rc/1.2.8:
    dependencies:
      deep-extend: 0.6.0
      ini: 1.3.8
      minimist: 1.2.5
      strip-json-comments: 2.0.1
    dev: false
    hasBin: true
    optional: true
    resolution:
      integrity: sha512-y3bGgqKj3QBdxLbLkomlohkvsA8gdAiUQlSBJnBhfn+BPxg4bc62d8TcBW15wavDfgexCgccckhcZvywyQYPOw==
  /readable-stream/2.3.7:
    dependencies:
      core-util-is: 1.0.2
      inherits: 2.0.4
      isarray: 1.0.0
      process-nextick-args: 2.0.1
      safe-buffer: 5.1.2
      string_decoder: 1.1.1
      util-deprecate: 1.0.2
    dev: false
    resolution:
      integrity: sha512-Ebho8K4jIbHAxnuxi7o42OrZgF/ZTNcsZj6nRKyUmkhLFq8CHItp/fy6hQZuZmP/n3yZ9VBUbp4zz/mX8hmYPw==
  /retry/0.10.1:
    dev: false
    resolution:
      integrity: sha1-52OI0heZLCUnUCQdPTlW/tmNj/Q=
  /safe-buffer/5.1.2:
    dev: false
    resolution:
      integrity: sha512-Gd2UZBJDkXlY7GbJxfsE8/nvKkUEU1G38c1siN6QP6a9PT9MmHB8GnpscSmMJSoF8LOIrt8ud/wPtojys4G6+g==
  /safe-buffer/5.2.1:
    dev: false
    resolution:
      integrity: sha512-rp3So07KcdmmKbGvgaNxQSJr7bGVSVk5S9Eq1F+ppbRo70+YeaDxkw5Dd8NPN+GD6bjnYm2VuPuCXmpuYvmCXQ==
  /semver/5.7.1:
    dev: false
    hasBin: true
    optional: true
    resolution:
      integrity: sha512-sauaDf/PZdVgrLTNYHRtpXa1iRiKcaebiKQ1BJdpQlWH2lCvexQdX55snPFyK7QzpudqbCI0qXFfOasHdyNDGQ==
  /set-blocking/2.0.0:
    dev: false
    optional: true
    resolution:
      integrity: sha1-BF+XgtARrppoA93TgrJDkrPYkPc=
  /signal-exit/3.0.3:
    dev: false
    optional: true
    resolution:
      integrity: sha512-VUJ49FC8U1OxwZLxIbTTrDvLnf/6TDgxZcK8wxR8zs13xpx7xbG60ndBlhNrFi2EMuFRoeDoJO7wthSLq42EjA==
  /simple-concat/1.0.1:
    dev: false
    optional: true
    resolution:
      integrity: sha512-cSFtAPtRhljv69IK0hTVZQ+OfE9nePi/rtJmw5UjHeVyVroEqJXP1sFztKUy1qU+xvz3u/sfYJLa947b7nAN2Q==
  /simple-get/2.8.1:
    dependencies:
      decompress-response: 3.3.0
      once: 1.4.0
      simple-concat: 1.0.1
    dev: false
    optional: true
    resolution:
      integrity: sha512-lSSHRSw3mQNUGPAYRqo7xy9dhKmxFXIjLjp4KHpf99GEH2VH7C3AM+Qfx6du6jhfUi6Vm7XnbEVEf7Wb6N8jRw==
  /snappy/6.3.5:
    dependencies:
      bindings: 1.5.0
      nan: 2.14.2
      prebuild-install: 5.3.0
    dev: false
    optional: true
    requiresBuild: true
    resolution:
      integrity: sha512-lonrUtdp1b1uDn1dbwgQbBsb5BbaiLeKq+AGwOk2No+en+VvJThwmtztwulEQsLinRF681pBqib0NUZaizKLIA==
  /string-width/1.0.2:
    dependencies:
      code-point-at: 1.1.0
      is-fullwidth-code-point: 1.0.0
      strip-ansi: 3.0.1
    dev: false
    engines:
      node: '>=0.10.0'
    optional: true
    resolution:
      integrity: sha1-EYvfW4zcUaKn5w0hHgfisLmxB9M=
  /string_decoder/1.1.1:
    dependencies:
      safe-buffer: 5.1.2
    dev: false
    resolution:
      integrity: sha512-n/ShnvDi6FHbbVfviro+WojiFzv+s8MPMHBczVePfUpDJLwoLT0ht1l4YwBCbi8pJAveEEdnkHyPyTP/mzRfwg==
  /strip-ansi/3.0.1:
    dependencies:
      ansi-regex: 2.1.1
    dev: false
    engines:
      node: '>=0.10.0'
    optional: true
    resolution:
      integrity: sha1-ajhfuIU9lS1f8F0Oiq+UJ43GPc8=
  /strip-json-comments/2.0.1:
    dev: false
    engines:
      node: '>=0.10.0'
    optional: true
    resolution:
      integrity: sha1-PFMZQukIwml8DsNEhYwobHygpgo=
  /tar-fs/1.16.3:
    dependencies:
      chownr: 1.1.4
      mkdirp: 0.5.5
      pump: 1.0.3
      tar-stream: 1.6.2
    dev: false
    optional: true
    resolution:
      integrity: sha512-NvCeXpYx7OsmOh8zIOP/ebG55zZmxLE0etfWRbWok+q2Qo8x/vOR/IJT1taADXPe+jsiu9axDb3X4B+iIgNlKw==
  /tar-stream/1.6.2:
    dependencies:
      bl: 1.2.3
      buffer-alloc: 1.2.0
      end-of-stream: 1.4.4
      fs-constants: 1.0.0
      readable-stream: 2.3.7
      to-buffer: 1.1.1
      xtend: 4.0.2
    dev: false
    engines:
      node: '>= 0.8.0'
    optional: true
    resolution:
      integrity: sha512-rzS0heiNf8Xn7/mpdSVVSMAWAoy9bfb1WOTYC78Z0UQKeKa/CWS8FOq0lKGNa8DWKAn9gxjCvMLYc5PGXYlK2A==
  /to-buffer/1.1.1:
    dev: false
    optional: true
    resolution:
      integrity: sha512-lx9B5iv7msuFYE3dytT+KE5tap+rNYw+K4jVkb9R/asAb+pbBSM17jtunHplhBe6RRJdZx3Pn2Jph24O32mOVg==
  /traverse/0.3.9:
    dev: false
    resolution:
      integrity: sha1-cXuPIgzAu3tE5AUUwisui7xw2Lk=
  /tunnel-agent/0.6.0:
    dependencies:
      safe-buffer: 5.2.1
    dev: false
    optional: true
    resolution:
      integrity: sha1-J6XeoGs2sEoKmWZ3SykIaPD8QP0=
  /type/1.2.0:
    dev: false
    resolution:
      integrity: sha512-+5nt5AAniqsCnu2cEQQdpzCAh33kVx8n0VoFidKpB1dVVLAN/F+bgVOqOJqOnEnrhp222clB5p3vUlD+1QAnfg==
  /type/2.5.0:
    dev: false
    resolution:
      integrity: sha512-180WMDQaIMm3+7hGXWf12GtdniDEy7nYcyFMKJn/eZz/6tSLXrUN9V0wKSbMjej0I1WHWbpREDEKHtqPQa9NNw==
  /typedarray-to-buffer/3.1.5:
    dependencies:
      is-typedarray: 1.0.0
    dev: false
    resolution:
      integrity: sha512-zdu8XMNEDepKKR+XYOXAVPtWui0ly0NtohUscw+UmaHiAWT8hrV1rr//H6V+0DvJ3OQ19S979M0laLfX8rm82Q==
  /utf-8-validate/5.0.4:
    dependencies:
      node-gyp-build: 4.2.3
    dev: false
    requiresBuild: true
    resolution:
      integrity: sha512-MEF05cPSq3AwJ2C7B7sHAA6i53vONoZbMGX8My5auEVm6W+dJ2Jd/TZPyGJ5CH42V2XtbI5FD28HeHeqlPzZ3Q==
  /util-deprecate/1.0.2:
    dev: false
    resolution:
      integrity: sha1-RQ1Nyfpw3nMnYvvS1KKJgUGaDM8=
  /uuid/3.4.0:
    dev: false
    hasBin: true
    resolution:
      integrity: sha512-HjSDRw6gZE5JMggctHBcjVak08+KEVhSIiDzFnT9S9aegmp85S/bReBVTb4QTFaRNptJ9kuYaNhnbNEOkbKb/A==
  /websocket/1.0.34:
    dependencies:
      bufferutil: 4.0.3
      debug: 2.6.9
      es5-ext: 0.10.53
      typedarray-to-buffer: 3.1.5
      utf-8-validate: 5.0.4
      yaeti: 0.0.6
    dev: false
    engines:
      node: '>=4.0.0'
    resolution:
      integrity: sha512-PRDso2sGwF6kM75QykIesBijKSVceR6jL2G8NGYyq2XrItNC2P5/qL5XeR056GhA+Ly7JMFvJb9I312mJfmqnQ==
  /which-pm-runs/1.0.0:
    dev: false
    optional: true
    resolution:
      integrity: sha1-Zws6+8VS4LVd9rd4DKdGFfI60cs=
  /wide-align/1.1.3:
    dependencies:
      string-width: 1.0.2
    dev: false
    optional: true
    resolution:
      integrity: sha512-QGkOQc8XL6Bt5PwnsExKBPuMKBxnGxWWW3fU55Xt4feHozMUhdUMaBCk290qpm/wG5u/RSKzwdAC4i51YigihA==
  /wrappy/1.0.2:
    dev: false
    optional: true
    resolution:
      integrity: sha1-tSQ9jz7BqjXxNkYFvA0QNuMKtp8=
  /xtend/4.0.2:
    dev: false
    engines:
      node: '>=0.4'
    optional: true
    resolution:
      integrity: sha512-LKYU1iAXJXUgAXn9URjiu+MWhyUXHsvfp7mcuYm9dSUKK0/CjtrUwFAxD82/mCWbtLsGjFIad0wIsod4zrTAEQ==
  /yaeti/0.0.6:
    dev: false
    engines:
      node: '>=0.10.32'
    resolution:
      integrity: sha1-8m9ITXJoTPQr7ft2lwqhYI+/lXc=
specifiers:
  kafka-node: ^5.0.0
  websocket: ^1.0.34
